{
  "name": "atividade-20230227",
  "version": "1.0.0",
  "lockfileVersion": 3,
  "requires": true,
  "packages": {
    "": {
      "name": "atividade-20230227",
      "version": "1.0.0",
      "license": "ISC",
      "dependencies": {
        "lowdb": "^5.1.0",
        "moment": "^2.29.4"
      }
    },
    "node_modules/lowdb": {
      "version": "5.1.0",
      "resolved": "https://registry.npmjs.org/lowdb/-/lowdb-5.1.0.tgz",
      "integrity": "sha512-OEysJ2S3j05RqehEypEv3h6EgdV4Y7LTq7LngRNqe1IxsInOm66/sa3fzoI6mmqs2CC+zIJW3vfncGNv2IGi3A==",
      "dependencies": {
        "steno": "^3.0.0"
      },
      "engines": {
        "node": ">=14.16"
      },
      "funding": {
        "url": "https://github.com/sponsors/typicode"
      }
    },
    "node_modules/moment": {
      "version": "2.29.4",
      "resolved": "https://registry.npmjs.org/moment/-/moment-2.29.4.tgz",
      "integrity": "sha512-5LC9SOxjSc2HF6vO2CyuTDNivEdoz2IvyJJGj6X8DJ0eFyfszE0QiEd+iXmBvUP3WHxSjFH/vIsA0EN00cgr8w==",
      "engines": {
        "node": "*"
      }
    },
    "node_modules/steno": {
      "version": "3.0.0",
      "resolved": "https://registry.npmjs.org/steno/-/steno-3.0.0.tgz",
      "integrity": "sha512-uZtn7Ht9yXLiYgOsmo8btj4+f7VxyYheMt8g6F1ANjyqByQXEE2Gygjgenp3otHH1TlHsS4JAaRGv5wJ1wvMNw==",
      "engines": {
        "node": ">=14.16"
      },
      "funding": {
        "url": "https://github.com/sponsors/typicode"
      }
    }
  }
}
